lockfile_version: '1'
generated_at: '2026-08-25T15:19:24.417174+00:00'
apm_version: 0.28.0
dependencies:
- repo_url: webmaxru/meridian-agent-context-registry
  name: secure-payment-review
  host: github.com
  resolved_commit: 5b105da760849b41b94a16ca043754e5336f84b6
  resolved_ref: v1.0.0
  version: unknown
  virtual_path: skills/secure-payment-review
  is_virtual: true
  package_type: claude_skill
  deployed_files:
  - .agents/skills/secure-payment-review
  - .agents/skills/secure-payment-review/SKILL.md
  - .claude/skills/secure-payment-review
  - .claude/skills/secure-payment-review/SKILL.md
  deployed_file_hashes:
    .agents/skills/secure-payment-review/SKILL.md: sha256:8dc72a230313de305fab22c98726643a239f81313143ac27c94c963e4c1e423e
    .claude/skills/secure-payment-review/SKILL.md: sha256:8dc72a230313de305fab22c98726643a239f81313143ac27c94c963e4c1e423e
  content_hash: sha256:54bda74d0776581d8ca64b4849cf6f096070801dbf2e7557f663eac544274016
deployments:
- kind: project-relative
  target: claude
  value: .claude/skills/secure-payment-review
  runtime: null
  scope: project
  owners:
  - webmaxru/meridian-agent-context-registry/skills/secure-payment-review
  active_owner: webmaxru/meridian-agent-context-registry/skills/secure-payment-review
  content_hash: null
- kind: project-relative
  target: claude
  value: .claude/skills/secure-payment-review/SKILL.md
  runtime: null
  scope: project
  owners:
  - webmaxru/meridian-agent-context-registry/skills/secure-payment-review
  active_owner: webmaxru/meridian-agent-context-registry/skills/secure-payment-review
  content_hash: sha256:8dc72a230313de305fab22c98726643a239f81313143ac27c94c963e4c1e423e
- kind: project-relative
  target: copilot
  value: .agents/skills/secure-payment-review
  runtime: null
  scope: project
  owners:
  - webmaxru/meridian-agent-context-registry/skills/secure-payment-review
  active_owner: webmaxru/meridian-agent-context-registry/skills/secure-payment-review
  content_hash: null
- kind: project-relative
  target: copilot
  value: .agents/skills/secure-payment-review/SKILL.md
  runtime: null
  scope: project
  owners:
  - webmaxru/meridian-agent-context-registry/skills/secure-payment-review
  active_owner: webmaxru/meridian-agent-context-registry/skills/secure-payment-review
  content_hash: sha256:8dc72a230313de305fab22c98726643a239f81313143ac27c94c963e4c1e423e
